<?xml version="1.0" encoding="utf-8"?>
<Project ToolsVersion="4.0" xmlns="http://schemas.microsoft.com/developer/msbuild/2003">
  <ItemGroup>
    <ClCompile Include="Game.cpp">
      <Filter>Archivos de origen</Filter>
    </ClCompile>
    <ClCompile Include="GameComponent.cpp">
      <Filter>Archivos de origen</Filter>
    </ClCompile>
    <ClCompile Include="main.cpp">
      <Filter>Archivos de origen</Filter>
    </ClCompile>
    <ClCompile Include="AnimatedSpriteComponent.cpp">
      <Filter>Archivos de origen\Components</Filter>
    </ClCompile>
    <ClCompile Include="ArmControllerComponent.cpp">
      <Filter>Archivos de origen\Components</Filter>
    </ClCompile>
    <ClCompile Include="BodyComponent.cpp">
      <Filter>Archivos de origen\Components</Filter>
    </ClCompile>
    <ClCompile Include="FollowingComponent.cpp">
      <Filter>Archivos de origen\Components</Filter>
    </ClCompile>
    <ClCompile Include="FrameComponent.cpp">
      <Filter>Archivos de origen\Components</Filter>
    </ClCompile>
    <ClCompile Include="InputComponent.cpp">
      <Filter>Archivos de origen\Components</Filter>
    </ClCompile>
    <ClCompile Include="MovingComponent.cpp">
      <Filter>Archivos de origen\Components</Filter>
    </ClCompile>
    <ClCompile Include="PhysicsComponent.cpp">
      <Filter>Archivos de origen\Components</Filter>
    </ClCompile>
    <ClCompile Include="PlayerControllerComponent.cpp">
      <Filter>Archivos de origen\Components</Filter>
    </ClCompile>
    <ClCompile Include="RenderComponent.cpp">
      <Filter>Archivos de origen\Components</Filter>
    </ClCompile>
    <ClCompile Include="SpriteComponent.cpp">
      <Filter>Archivos de origen\Components</Filter>
    </ClCompile>
    <ClCompile Include="TransformComponent.cpp">
      <Filter>Archivos de origen\Components</Filter>
    </ClCompile>
    <ClCompile Include="AmmoPackage.cpp">
      <Filter>Archivos de origen\Objects</Filter>
    <ClCompile Include="CollisionManager.cpp">
      <Filter>Archivos de origen\Systems</Filter>
    </ClCompile>
    <ClCompile Include="DebugDraw.cpp">
      <Filter>Archivos de origen\Systems</Filter>
    </ClCompile>
    <ClCompile Include="Storage.cpp">
      <Filter>Archivos de origen\Systems</Filter>
    </ClCompile>
    <ClCompile Include="HUD.cpp">
      <Filter>Archivos de origen\Systems</Filter>
    </ClCompile>
    <ClCompile Include="GameState.cpp">
      <Filter>Archivos de origen\States</Filter>
    </ClCompile>
    <ClCompile Include="GameStateMachine.cpp">
      <Filter>Archivos de origen\States</Filter>
    </ClCompile>
    <ClCompile Include="MenuState.cpp">
      <Filter>Archivos de origen\States</Filter>
    </ClCompile>
    <ClCompile Include="PauseState.cpp">
      <Filter>Archivos de origen\States</Filter>
    </ClCompile>
    <ClCompile Include="PlayState.cpp">
      <Filter>Archivos de origen\States</Filter>
    </ClCompile>
    <ClCompile Include="Arm.cpp">
      <Filter>Archivos de origen\Objects</Filter>
    </ClCompile>
    <ClCompile Include="Bullet.cpp">
      <Filter>Archivos de origen\Objects</Filter>
    </ClCompile>
    <ClCompile Include="Camera.cpp">
      <Filter>Archivos de origen\Objects</Filter>
    </ClCompile>
    <ClCompile Include="Coin.cpp">
      <Filter>Archivos de origen\Objects</Filter>
    </ClCompile>
    <ClCompile Include="Collectable.cpp">
      <Filter>Archivos de origen\Objects</Filter>
    </ClCompile>
    <ClCompile Include="Gun.cpp">
      <Filter>Archivos de origen\Objects</Filter>
    </ClCompile>
    <ClCompile Include="Layer.cpp">
      <Filter>Archivos de origen\Objects</Filter>
    </ClCompile>
    <ClCompile Include="Player.cpp">
      <Filter>Archivos de origen\Objects</Filter>
    </ClCompile>
    <ClCompile Include="Tile.cpp">
      <Filter>Archivos de origen\Objects</Filter>
    </ClCompile>
    <ClCompile Include="Enemy.cpp">
      <Filter>Archivos de origen\Objects\Enemies</Filter>
    </ClCompile>
    <ClCompile Include="MeleeEnemy.cpp">
      <Filter>Archivos de origen\Objects\Enemies</Filter>
    </ClCompile>
    <ClCompile Include="MartyrEnemy.cpp">
      <Filter>Archivos de origen\Objects\Enemies</Filter>
    </ClCompile>
    <ClCompile Include="PauseState.cpp">
      <Filter>Archivos de origen\States</Filter>
    </ClCompile>
    <ClCompile Include="MenuState.cpp">
      <Filter>Archivos de origen\States</Filter>
    </ClCompile>
    <ClCompile Include="GameStateMachine.cpp">
      <Filter>Archivos de origen\States</Filter>
    </ClCompile>
    <ClCompile Include="GameState.cpp">
      <Filter>Archivos de origen\States</Filter>
    </ClCompile>
    <ClCompile Include="PlayState.cpp">
      <Filter>Archivos de origen\States</Filter>
    </ClCompile>
    <ClCompile Include="Money.cpp">
      <Filter>Archivos de origen\Systems</Filter>
    </ClCompile>
    <ClCompile Include="CollisionManager.cpp">
      <Filter>Archivos de origen\Systems</Filter>
    </ClCompile>
    <ClCompile Include="DebugDraw.cpp">
      <Filter>Archivos de origen\Systems</Filter>
    </ClCompile>
    <ClCompile Include="Shooter.cpp">
      <Filter>Archivos de origen\Systems</Filter>
    </ClCompile>
    <ClCompile Include="HUD.cpp">
      <Filter>Archivos de origen\Systems</Filter>
    </ClCompile>
    <ClCompile Include="TTFclass.cpp">
      <Filter>Archivos de origen\Useful</Filter>
    </ClCompile>
    <ClCompile Include="Texture.cpp">
      <Filter>Archivos de origen\Useful</Filter>
    </ClCompile>
    <ClCompile Include="Vector2D.cpp">
      <Filter>Archivos de origen\Useful</Filter>
    </ClCompile>
    <ClCompile Include="MartyrEnemy.cpp">
      <Filter>Archivos de origen\Objects\Enemys</Filter>
    </ClCompile>
    <ClCompile Include="Enemy.cpp">
      <Filter>Archivos de origen\Objects\Enemys</Filter>
    </ClCompile>
    <ClCompile Include="MeleeEnemy.cpp">
      <Filter>Archivos de origen\Objects\Enemys</Filter>
    </ClCompile>
    <ClCompile Include="ObjectPool.cpp">
      <Filter>Archivos de origen\Useful</Filter>
    </ClCompile>
    <ClCompile Include="BulletPool.cpp">
      <Filter>Archivos de origen\Objects</Filter>
    </ClCompile>
    <ClCompile Include="Shooter.cpp">
      <Filter>Archivos de origen\Components\ShooterComponents</Filter>
    </ClCompile>
    <ClCompile Include="PoolWrapper.cpp">
      <Filter>Archivos de origen\Useful</Filter>
    </ClCompile>
  </ItemGroup>
  <ItemGroup>
    <ClInclude Include="Game.h">
      <Filter>Archivos de encabezado</Filter>
    </ClInclude>
    <ClInclude Include="GameComponent.h">
      <Filter>Archivos de encabezado</Filter>
    </ClInclude>
    <ClInclude Include="GameObject.h">
      <Filter>Archivos de encabezado</Filter>
    </ClInclude>
    <ClInclude Include="AnimatedSpriteComponent.h">
      <Filter>Archivos de encabezado\Components</Filter>
    </ClInclude>
    <ClInclude Include="ArmControllerComponent.h">
      <Filter>Archivos de encabezado\Components</Filter>
    </ClInclude>
    <ClInclude Include="BodyComponent.h">
      <Filter>Archivos de encabezado\Components</Filter>
    </ClInclude>
    <ClInclude Include="FollowingComponent.h">
      <Filter>Archivos de encabezado\Components</Filter>
    </ClInclude>
    <ClInclude Include="FrameComponent.h">
      <Filter>Archivos de encabezado\Components</Filter>
    </ClInclude>
    <ClInclude Include="InputComponent.h">
      <Filter>Archivos de encabezado\Components</Filter>
    </ClInclude>
    <ClInclude Include="MovingComponent.h">
      <Filter>Archivos de encabezado\Components</Filter>
    </ClInclude>
    <ClInclude Include="PhysicsComponent.h">
      <Filter>Archivos de encabezado\Components</Filter>
    </ClInclude>
    <ClInclude Include="PlayerControllerComponent.h">
      <Filter>Archivos de encabezado\Components</Filter>
    </ClInclude>
    <ClInclude Include="RenderComponent.h">
      <Filter>Archivos de encabezado\Components</Filter>
    </ClInclude>
    <ClInclude Include="SpriteComponent.h">
      <Filter>Archivos de encabezado\Components</Filter>
    </ClInclude>
    <ClInclude Include="TransformComponent.h">
      <Filter>Archivos de encabezado\Components</Filter>
    </ClInclude>
    <ClInclude Include="AnyarothError.h">
      <Filter>Archivos de encabezado\Errors</Filter>
    </ClInclude>
    <ClInclude Include="FileFormatError.h">
      <Filter>Archivos de encabezado\Errors</Filter>
    </ClInclude>
    <ClInclude Include="FileNotFoundError.h">
      <Filter>Archivos de encabezado\Errors</Filter>
    </ClInclude>
    <ClInclude Include="SDLError.h">
      <Filter>Archivos de encabezado\Errors</Filter>
    </ClInclude>
    <ClInclude Include="AmmoPackage.h">
      <Filter>Archivos de encabezado\Objects</Filter>
    </ClInclude>
    <ClInclude Include="Arm.h">
      <Filter>Archivos de encabezado\Objects</Filter>
    </ClInclude>
    <ClInclude Include="Bullet.h">
      <Filter>Archivos de encabezado\Objects</Filter>
    </ClInclude>
    <ClInclude Include="Camera.h">
      <Filter>Archivos de encabezado\Objects</Filter>
    </ClInclude>
    <ClInclude Include="Coin.h">
      <Filter>Archivos de encabezado\Objects</Filter>
    </ClInclude>
    <ClInclude Include="Collectable.h">
      <Filter>Archivos de encabezado\Objects</Filter>
    </ClInclude>
    <ClInclude Include="Gun.h">
      <Filter>Archivos de encabezado\Objects</Filter>
    </ClInclude>
    <ClInclude Include="Player.h">
      <Filter>Archivos de encabezado\Objects</Filter>
    </ClInclude>
    <ClInclude Include="Tile.h">
      <Filter>Archivos de encabezado\Objects</Filter>
    </ClInclude>
    <ClInclude Include="MartyrEnemy.h">
      <Filter>Archivos de encabezado\Objects\Enemies</Filter>
    </ClInclude>
    <ClInclude Include="MeleeEnemy.h">
      <Filter>Archivos de encabezado\Objects\Enemies</Filter>
    </ClInclude>
    <ClInclude Include="Enemy.h">
      <Filter>Archivos de encabezado\Objects\Enemies</Filter>
    </ClInclude>
    <ClInclude Include="Component.h">
      <Filter>Archivos de encabezado\Components</Filter>
    </ClInclude>
    <ClInclude Include="PauseState.h">
      <Filter>Archivos de encabezado\States</Filter>
    </ClInclude>
    <ClInclude Include="MenuState.h">
      <Filter>Archivos de encabezado\States</Filter>
    </ClInclude>
    <ClInclude Include="PlayState.h">
      <Filter>Archivos de encabezado\States</Filter>
    </ClInclude>
    <ClInclude Include="GameStateMachine.h">
      <Filter>Archivos de encabezado\States</Filter>
    </ClInclude>
    <ClInclude Include="GameState.h">
      <Filter>Archivos de encabezado\States</Filter>
    </ClInclude>
    <ClInclude Include="CollisionManager.h">
      <Filter>Archivos de encabezado\Systems</Filter>
    </ClInclude>
    <ClInclude Include="DebugDraw.h">
      <Filter>Archivos de encabezado\Systems</Filter>
    </ClInclude>
    <ClInclude Include="HUD.h">
      <Filter>Archivos de encabezado\Systems</Filter>
    </ClInclude>
    <ClInclude Include="Shooter.h">
      <Filter>Archivos de encabezado\Systems</Filter>
    </ClInclude>
    <ClInclude Include="checkML.h">
    <ClInclude Include="Layer.h">
      <Filter>Archivos de encabezado\Objects</Filter>
    </ClInclude>
    <ClInclude Include="Tile.h">
      <Filter>Archivos de encabezado\Objects</Filter>
    </ClInclude>
    <ClInclude Include="Storage.h">
      <Filter>Archivos de encabezado\Systems</Filter>
    </ClInclude>
    <ClInclude Include="Vector2D.h">
      <Filter>Archivos de encabezado\Useful</Filter>
    </ClInclude>
    <ClInclude Include="Texture.h">
      <Filter>Archivos de encabezado\Useful</Filter>
    </ClInclude>
    <ClInclude Include="TTFclass.h">
      <Filter>Archivos de encabezado\Useful</Filter>
    </ClInclude>
    <ClInclude Include="Vector2D.h">
      <Filter>Archivos de encabezado\Useful</Filter>
    </ClInclude>
    <ClInclude Include="Layer.h">
      <Filter>Archivos de encabezado\Objects</Filter>
    </ClInclude>
    <ClInclude Include="Money.h">
      <Filter>Archivos de encabezado\Systems</Filter>
    <ClInclude Include="Enemy.h">
      <Filter>Archivos de encabezado\Objects\Enemys</Filter>
    </ClInclude>
    <ClInclude Include="MartyrEnemy.h">
      <Filter>Archivos de encabezado\Objects\Enemys</Filter>
    </ClInclude>
    <ClInclude Include="MeleeEnemy.h">
      <Filter>Archivos de encabezado\Objects\Enemys</Filter>
    </ClInclude>
    <ClInclude Include="ObjectPool.h">
      <Filter>Archivos de encabezado\Useful</Filter>
    </ClInclude>
    <ClInclude Include="BulletPool.h">
      <Filter>Archivos de encabezado\Objects</Filter>
    </ClInclude>
    <ClInclude Include="Shooter.h">
      <Filter>Archivos de encabezado\Components\ShooterComponents</Filter>
    </ClInclude>
    <ClInclude Include="PoolWrapper.h">
      <Filter>Archivos de encabezado\Useful</Filter>
    </ClInclude>
  </ItemGroup>
  <ItemGroup>
    <Filter Include="Archivos de encabezado">
      <UniqueIdentifier>{f82b64c5-9a38-4930-8ed3-c22b5d97b9ea}</UniqueIdentifier>
    </Filter>
    <Filter Include="Archivos de origen">
      <UniqueIdentifier>{e83f97a4-25bc-4e36-8f21-84d2df8b28e8}</UniqueIdentifier>
    </Filter>
    <Filter Include="Archivos de encabezado\Errors">
      <UniqueIdentifier>{7594b010-dc35-4852-b839-cd81d92862ad}</UniqueIdentifier>
    </Filter>
    <Filter Include="Archivos de encabezado\States">
      <UniqueIdentifier>{f103fd08-dddb-4fc0-8ff3-64c8ada95c24}</UniqueIdentifier>
    </Filter>
    <Filter Include="Archivos de encabezado\Objects">
      <UniqueIdentifier>{3047f952-c345-4b24-b377-be52385406f9}</UniqueIdentifier>
    </Filter>
    <Filter Include="Archivos de encabezado\Objects\Enemies">
      <UniqueIdentifier>{c6dd92a1-3400-4819-88e1-a7ee847b3bac}</UniqueIdentifier>
    </Filter>
    <Filter Include="Archivos de encabezado\Components">
      <UniqueIdentifier>{25b21a1e-f3c6-430c-972e-84492be45baa}</UniqueIdentifier>
    </Filter>
    <Filter Include="Archivos de encabezado\Systems">
      <UniqueIdentifier>{f0e8f9a6-c678-49ca-a0c8-ff738940b1da}</UniqueIdentifier>
    </Filter>
    <Filter Include="Archivos de encabezado\Useful">
      <UniqueIdentifier>{69536d3a-7fe8-45fe-b447-e4fb5c6b11b2}</UniqueIdentifier>
    </Filter>
    <Filter Include="Archivos de origen\Components">
      <UniqueIdentifier>{27942ef6-dfae-4885-a1b8-72fa6779137e}</UniqueIdentifier>
    </Filter>
    <Filter Include="Archivos de origen\Objects">
      <UniqueIdentifier>{deebbdb7-8df9-4c49-8d44-147b68415cf9}</UniqueIdentifier>
    </Filter>
    <Filter Include="Archivos de origen\Objects\Enemies">
      <UniqueIdentifier>{eac59dd3-f858-44e1-b6c7-e8ced0c9ae6d}</UniqueIdentifier>
    </Filter>
    <Filter Include="Archivos de origen\States">
      <UniqueIdentifier>{c5037c94-160f-4cb1-8f4a-d4809bbb5fcc}</UniqueIdentifier>
    </Filter>
    <Filter Include="Archivos de origen\Systems">
      <UniqueIdentifier>{3aab8429-050d-47c4-9ae4-1f10a457feb2}</UniqueIdentifier>
    </Filter>
    <Filter Include="Archivos de origen\Useful">
      <UniqueIdentifier>{cdb6e9ab-fa83-43e1-80c5-72a8196d5c1c}</UniqueIdentifier>
    </Filter>
    <Filter Include="Archivos de encabezado\Objects\Enemys">
      <UniqueIdentifier>{df4b3fae-26a3-4c9a-b719-5b1104674e27}</UniqueIdentifier>
    </Filter>
    <Filter Include="Archivos de origen\Objects\Enemys">
      <UniqueIdentifier>{002526e4-015a-4a18-9225-2348333f0ac8}</UniqueIdentifier>
    </Filter>
    <Filter Include="Archivos de origen\Components\ShooterComponents">
      <UniqueIdentifier>{65bf1218-2e0a-4dcc-83a5-ca7aba07d11a}</UniqueIdentifier>
    </Filter>
    <Filter Include="Archivos de encabezado\Components\ShooterComponents">
      <UniqueIdentifier>{b0ca563c-0588-45b2-84d8-ca3da1846125}</UniqueIdentifier>
    </Filter>
  </ItemGroup>
</Project>